# THIS IS AN AUTOGENERATED FILE. DO NOT EDIT THIS FILE DIRECTLY.
# yarn lockfile v1


"@near-js/accounts@1.4.1":
  version "1.4.1"
  resolved "https://registry.yarnpkg.com/@near-js/accounts/-/accounts-1.4.1.tgz#729692916862c21a2bcd36cb0c312b46540ac33c"
  integrity sha512-ni3QT9H3NdrbVVKyx56yvz93r89Dvpc/vgVtiIK2OdXjkK6jcj+UKMDRQ6F7rd9qJOInLkHZbVBtcR6j1CXLjw==
  dependencies:
    "@near-js/crypto" "1.4.2"
    "@near-js/providers" "1.0.3"
    "@near-js/signers" "0.2.2"
    "@near-js/transactions" "1.3.3"
    "@near-js/types" "0.3.1"
    "@near-js/utils" "1.1.0"
    "@noble/hashes" "1.7.1"
    borsh "1.0.0"
    depd "2.0.0"
    is-my-json-valid "^2.20.6"
    lru_map "0.4.1"
    near-abi "0.2.0"

"@near-js/crypto@1.4.2":
  version "1.4.2"
  resolved "https://registry.yarnpkg.com/@near-js/crypto/-/crypto-1.4.2.tgz#b903b1de954a06d6e34457f78184c43086df1917"
  integrity sha512-GRfchsyfWvSAPA1gI9hYhw5FH94Ac1BUo+Cmp5rSJt/V0K3xVzCWgOQxvv4R3kDnWjaXJEuAmpEEnr4Bp3FWrA==
  dependencies:
    "@near-js/types" "0.3.1"
    "@near-js/utils" "1.1.0"
    "@noble/curves" "1.8.1"
    borsh "1.0.0"
    randombytes "2.1.0"
    secp256k1 "5.0.1"

"@near-js/keystores-browser@0.2.2":
  version "0.2.2"
  resolved "https://registry.yarnpkg.com/@near-js/keystores-browser/-/keystores-browser-0.2.2.tgz#9df046c9dcca91fc743d33e798ba4c205d5f673b"
  integrity sha512-Pxqm7WGtUu6zj32vGCy9JcEDpZDSB5CCaLQDTQdF3GQyL0flyRv2I/guLAgU5FLoYxU7dJAX9mslJhPW7P2Bfw==
  dependencies:
    "@near-js/crypto" "1.4.2"
    "@near-js/keystores" "0.2.2"

"@near-js/keystores-node@0.1.2":
  version "0.1.2"
  resolved "https://registry.yarnpkg.com/@near-js/keystores-node/-/keystores-node-0.1.2.tgz#e8391cbda7de4123f293d51dfb55c060f537c5cd"
  integrity sha512-MWLvTszZOVziiasqIT/LYNhUyWqOJjDGlsthOsY6dTL4ZcXjjmhmzrbFydIIeQr+CcEl5wukTo68ORI9JrHl6g==
  dependencies:
    "@near-js/crypto" "1.4.2"
    "@near-js/keystores" "0.2.2"

"@near-js/keystores@0.2.2":
  version "0.2.2"
  resolved "https://registry.yarnpkg.com/@near-js/keystores/-/keystores-0.2.2.tgz#c1ec215c39e8d279f226333364bc424b57842527"
  integrity sha512-DLhi/3a4qJUY+wgphw2Jl4S+L0AKsUYm1mtU0WxKYV5OBwjOXvbGrXNfdkheYkfh3nHwrQgtjvtszX6LrRXLLw==
  dependencies:
    "@near-js/crypto" "1.4.2"
    "@near-js/types" "0.3.1"

"@near-js/providers@1.0.3":
  version "1.0.3"
  resolved "https://registry.yarnpkg.com/@near-js/providers/-/providers-1.0.3.tgz#918c5ffb8f9bb92f0d28198e9396a08c61b3754a"
  integrity sha512-VJMboL14R/+MGKnlhhE3UPXCGYvMd1PpvF9OqZ9yBbulV7QVSIdTMfY4U1NnDfmUC2S3/rhAEr+3rMrIcNS7Fg==
  dependencies:
    "@near-js/transactions" "1.3.3"
    "@near-js/types" "0.3.1"
    "@near-js/utils" "1.1.0"
    borsh "1.0.0"
    exponential-backoff "^3.1.2"
  optionalDependencies:
    node-fetch "2.6.7"

"@near-js/signers@0.2.2":
  version "0.2.2"
  resolved "https://registry.yarnpkg.com/@near-js/signers/-/signers-0.2.2.tgz#ae521e1ea72c9b49ad1dfc63f2d90d847207fea7"
  integrity sha512-M6ib+af9zXAPRCjH2RyIS0+RhCmd9gxzCeIkQ+I2A3zjgGiEDkBZbYso9aKj8Zh2lPKKSH7h+u8JGymMOSwgyw==
  dependencies:
    "@near-js/crypto" "1.4.2"
    "@near-js/keystores" "0.2.2"
    "@noble/hashes" "1.3.3"

"@near-js/transactions@1.3.3":
  version "1.3.3"
  resolved "https://registry.yarnpkg.com/@near-js/transactions/-/transactions-1.3.3.tgz#3b0c03861fc4b29322cedb03875cf80f52871dd2"
  integrity sha512-1AXD+HuxlxYQmRTLQlkVmH+RAmV3HwkAT8dyZDu+I2fK/Ec9BQHXakOJUnOBws3ihF+akQhamIBS5T0EXX/Ylw==
  dependencies:
    "@near-js/crypto" "1.4.2"
    "@near-js/signers" "0.2.2"
    "@near-js/types" "0.3.1"
    "@near-js/utils" "1.1.0"
    "@noble/hashes" "1.7.1"
    borsh "1.0.0"

"@near-js/types@0.3.1":
  version "0.3.1"
  resolved "https://registry.yarnpkg.com/@near-js/types/-/types-0.3.1.tgz#35f2649f85881d72fc231a16142e1f0e3b0e8377"
  integrity sha512-8qIA7ynAEAuVFNAQc0cqz2xRbfyJH3PaAG5J2MgPPhD18lu/tCGd6pzYg45hjhtiJJRFDRjh/FUWKS+ZiIIxUw==

"@near-js/utils@1.1.0":
  version "1.1.0"
  resolved "https://registry.yarnpkg.com/@near-js/utils/-/utils-1.1.0.tgz#fcdd0b7d9badb11d61f399755bead804b2a47d47"
  integrity sha512-5XWRq7xpu8Wud9pRXe2U347KXyi0mXofedUY2DQ9TaqiZUcMIaN9xj7DbCs2v6dws3pJyYrT1KWxeNp5fSaY3w==
  dependencies:
    "@near-js/types" "0.3.1"
    "@scure/base" "^1.2.0"
    depd "2.0.0"
    mustache "4.0.0"

"@near-js/wallet-account@1.3.3":
  version "1.3.3"
  resolved "https://registry.yarnpkg.com/@near-js/wallet-account/-/wallet-account-1.3.3.tgz#ac23509e0c1c124945a8539d3cd2f654aed727e8"
  integrity sha512-GDzg/Kz0GBYF7tQfyQQQZ3vviwV8yD+8F2lYDzsWJiqIln7R1ov0zaXN4Tii86TeS21KPn2hHAsVu3Y4txa8OQ==
  dependencies:
    "@near-js/accounts" "1.4.1"
    "@near-js/crypto" "1.4.2"
    "@near-js/keystores" "0.2.2"
    "@near-js/providers" "1.0.3"
    "@near-js/signers" "0.2.2"
    "@near-js/transactions" "1.3.3"
    "@near-js/types" "0.3.1"
    "@near-js/utils" "1.1.0"
    borsh "1.0.0"

"@noble/curves@1.8.1":
  version "1.8.1"
  resolved "https://registry.yarnpkg.com/@noble/curves/-/curves-1.8.1.tgz#19bc3970e205c99e4bdb1c64a4785706bce497ff"
  integrity sha512-warwspo+UYUPep0Q+vtdVB4Ugn8GGQj8iyB3gnRWsztmUHTI3S1nhdiWNsPUGL0vud7JlRRk1XEu7Lq1KGTnMQ==
  dependencies:
    "@noble/hashes" "1.7.1"

"@noble/hashes@1.3.3":
  version "1.3.3"
  resolved "https://registry.yarnpkg.com/@noble/hashes/-/hashes-1.3.3.tgz#39908da56a4adc270147bb07968bf3b16cfe1699"
  integrity sha512-V7/fPHgl+jsVPXqqeOzT8egNj2iBIVt+ECeMMG8TdcnTikP3oaBtUVqpT/gYCR68aEBJSF+XbYUxStjbFMqIIA==

"@noble/hashes@1.7.1":
  version "1.7.1"
  resolved "https://registry.yarnpkg.com/@noble/hashes/-/hashes-1.7.1.tgz#5738f6d765710921e7a751e00c20ae091ed8db0f"
  integrity sha512-B8XBPsn4vT/KJAGqDzbwztd+6Yte3P4V7iafm24bxgDe/mlRuK6xmWPuCNrKt2vDafZ8MfJLlchDG/vYafQEjQ==

"@scure/base@^1.2.0":
  version "1.2.6"
  resolved "https://registry.yarnpkg.com/@scure/base/-/base-1.2.6.tgz#ca917184b8231394dd8847509c67a0be522e59f6"
  integrity sha512-g/nm5FgUa//MCj1gV09zTJTaM6KBAHqLN907YVQqf7zC49+DcO4B1so4ZX07Ef10Twr6nuqYEH9GEggFXA4Fmg==

"@types/json-schema@^7.0.11":
  version "7.0.15"
  resolved "https://registry.yarnpkg.com/@types/json-schema/-/json-schema-7.0.15.tgz#596a1747233694d50f6ad8a7869fcb6f56cf5841"
  integrity sha512-5+fP8P8MFNC+AyZCDxrB2pkZFPGzqQWUzpSeuuVLvm8VMcorNYavBqoFcxK8bQz4Qsbn4oUEEem4wDLfcysGHA==

"@types/node@11.11.6":
  version "11.11.6"
  resolved "https://registry.yarnpkg.com/@types/node/-/node-11.11.6.tgz#df929d1bb2eee5afdda598a41930fe50b43eaa6a"
  integrity sha512-Exw4yUWMBXM3X+8oqzJNRqZSwUAaS4+7NdvHqQuFi/d+synz++xmX3QIf+BFqneW8N31R8Ky+sikfZUXq07ggQ==

base-x@^3.0.2:
  version "3.0.11"
  resolved "https://registry.yarnpkg.com/base-x/-/base-x-3.0.11.tgz#40d80e2a1aeacba29792ccc6c5354806421287ff"
  integrity sha512-xz7wQ8xDhdyP7tQxwdteLYeFfS68tSMNCZ/Y37WJ4bhGfKPpqEIlmIyueQHqOyoPhE6xNUqjzRr8ra0eF9VRvA==
  dependencies:
    safe-buffer "^5.0.1"

bip39-light@^1.0.7:
  version "1.0.7"
  resolved "https://registry.yarnpkg.com/bip39-light/-/bip39-light-1.0.7.tgz#06a72f251b89389a136d3f177f29b03342adc5ba"
  integrity sha512-WDTmLRQUsiioBdTs9BmSEmkJza+8xfJmptsNJjxnoq3EydSa/ZBXT6rm66KoT3PJIRYMnhSKNR7S9YL1l7R40Q==
  dependencies:
    create-hash "^1.1.0"
    pbkdf2 "^3.0.9"

bip39@3.0.2:
  version "3.0.2"
  resolved "https://registry.yarnpkg.com/bip39/-/bip39-3.0.2.tgz#2baf42ff3071fc9ddd5103de92e8f80d9257ee32"
  integrity sha512-J4E1r2N0tUylTKt07ibXvhpT2c5pyAFgvuA5q1H9uDy6dEGpjV8jmymh3MTYJDLCNbIVClSB9FbND49I6N24MQ==
  dependencies:
    "@types/node" "11.11.6"
    create-hash "^1.1.0"
    pbkdf2 "^3.0.9"
    randombytes "^2.0.1"

bn.js@^4.11.9:
  version "4.12.2"
  resolved "https://registry.yarnpkg.com/bn.js/-/bn.js-4.12.2.tgz#3d8fed6796c24e177737f7cc5172ee04ef39ec99"
  integrity sha512-n4DSx829VRTRByMRGdjQ9iqsN0Bh4OolPsFnaZBLcbi8iXcB+kJ9s7EnRt4wILZNV3kPLHkRVfOc/HvhC3ovDw==

borsh@1.0.0:
  version "1.0.0"
  resolved "https://registry.yarnpkg.com/borsh/-/borsh-1.0.0.tgz#b564c8cc8f7a91e3772b9aef9e07f62b84213c1f"
  integrity sha512-fSVWzzemnyfF89EPwlUNsrS5swF5CrtiN4e+h0/lLf4dz2he4L3ndM20PS9wj7ICSkXJe/TQUHdaPTq15b1mNQ==

brorand@^1.1.0:
  version "1.1.0"
  resolved "https://registry.yarnpkg.com/brorand/-/brorand-1.1.0.tgz#12c25efe40a45e3c323eb8675a0a0ce57b22371f"
  integrity sha512-cKV8tMCEpQs4hK/ik71d6LrPOnpkpGBR0wzxqr68g2m/LB2GxVYQroAjMJZRVM1Y4BCjCKc3vAamxSzOY2RP+w==

bs58@^4.0.1:
  version "4.0.1"
  resolved "https://registry.yarnpkg.com/bs58/-/bs58-4.0.1.tgz#be161e76c354f6f788ae4071f63f34e8c4f0a42a"
  integrity sha512-Ok3Wdf5vOIlBrgCvTq96gBkJw+JUEzdBgyaza5HLtPm7yTHkjRy8+JzNyHF7BHa0bNWOQIp3m5YF0nnFcOIKLw==
  dependencies:
    base-x "^3.0.2"

cipher-base@^1.0.1, cipher-base@^1.0.3:
  version "1.0.6"
  resolved "https://registry.yarnpkg.com/cipher-base/-/cipher-base-1.0.6.tgz#8fe672437d01cd6c4561af5334e0cc50ff1955f7"
  integrity sha512-3Ek9H3X6pj5TgenXYtNWdaBon1tgYCaebd+XPg0keyjEbEfkD4KkmAxkQ/i1vYvxdcT5nscLBfq9VJRmCBcFSw==
  dependencies:
    inherits "^2.0.4"
    safe-buffer "^5.2.1"

create-hash@^1.1.0, create-hash@^1.1.2:
  version "1.2.0"
  resolved "https://registry.yarnpkg.com/create-hash/-/create-hash-1.2.0.tgz#889078af11a63756bcfb59bd221996be3a9ef196"
  integrity sha512-z00bCGNHDG8mHAkP7CtT1qVu+bFQUPjYq/4Iv3C3kWjTFV10zIjfSoeqXo9Asws8gwSHDGj/hl2u4OGIjapeCg==
  dependencies:
    cipher-base "^1.0.1"
    inherits "^2.0.1"
    md5.js "^1.3.4"
    ripemd160 "^2.0.1"
    sha.js "^2.4.0"

create-hmac@1.1.7, create-hmac@^1.1.4:
  version "1.1.7"
  resolved "https://registry.yarnpkg.com/create-hmac/-/create-hmac-1.1.7.tgz#69170c78b3ab957147b2b8b04572e47ead2243ff"
  integrity sha512-MJG9liiZ+ogc4TzUwuvbER1JRdgvUFSB5+VR/g5h82fGaIRWMWddtKBHi7/sVhfjQZ6SehlyhvQYrcYkaUIpLg==
  dependencies:
    cipher-base "^1.0.3"
    create-hash "^1.1.0"
    inherits "^2.0.1"
    ripemd160 "^2.0.0"
    safe-buffer "^5.0.1"
    sha.js "^2.4.8"

depd@2.0.0:
  version "2.0.0"
  resolved "https://registry.yarnpkg.com/depd/-/depd-2.0.0.tgz#b696163cc757560d09cf22cc8fad1571b79e76df"
  integrity sha512-g7nH6P6dyDioJogAAGprGpCtVImJhpPk/roCzdb3fIh61/s/nPsfR6onyMwkCAR/OlC3yBC0lESvUoQEAssIrw==

depd@~1.1.2:
  version "1.1.2"
  resolved "https://registry.yarnpkg.com/depd/-/depd-1.1.2.tgz#9bcd52e14c097763e749b274c4346ed2e560b5a9"
  integrity sha512-7emPTl6Dpo6JRXOXjLRxck+FlLRX5847cLKEn00PLAgc3g2hTZZgr+e4c2v6QpSmLeFP3n5yUo7ft6avBK/5jQ==

dotenv@^16.5.0:
  version "16.5.0"
  resolved "https://registry.yarnpkg.com/dotenv/-/dotenv-16.5.0.tgz#092b49f25f808f020050051d1ff258e404c78692"
  integrity sha512-m/C+AwOAr9/W1UOIZUo232ejMNnJAJtYQjUbHoNTBNTJSvqzzDh7vnrei3o3r3m9blf6ZoDkvcw0VmozNRFJxg==

elliptic@^6.5.7:
  version "6.6.1"
  resolved "https://registry.yarnpkg.com/elliptic/-/elliptic-6.6.1.tgz#3b8ffb02670bf69e382c7f65bf524c97c5405c06"
  integrity sha512-RaddvvMatK2LJHqFJ+YA4WysVN5Ita9E35botqIYspQ4TkRAlCicdzKOjlyv/1Za5RyTNn7di//eEV0uTAfe3g==
  dependencies:
    bn.js "^4.11.9"
    brorand "^1.1.0"
    hash.js "^1.0.0"
    hmac-drbg "^1.0.1"
    inherits "^2.0.4"
    minimalistic-assert "^1.0.1"
    minimalistic-crypto-utils "^1.0.1"

exponential-backoff@^3.1.2:
  version "3.1.2"
  resolved "https://registry.yarnpkg.com/exponential-backoff/-/exponential-backoff-3.1.2.tgz#a8f26adb96bf78e8cd8ad1037928d5e5c0679d91"
  integrity sha512-8QxYTVXUkuy7fIIoitQkPwGonB8F3Zj8eEO8Sqg9Zv/bkI7RJAzowee4gr81Hak/dUTpA2Z7VfQgoijjPNlUZA==

generate-function@^2.0.0:
  version "2.3.1"
  resolved "https://registry.yarnpkg.com/generate-function/-/generate-function-2.3.1.tgz#f069617690c10c868e73b8465746764f97c3479f"
  integrity sha512-eeB5GfMNeevm/GRYq20ShmsaGcmI81kIX2K9XQx5miC8KdHaC6Jm0qQ8ZNeGOi7wYB8OsdxKs+Y2oVuTFuVwKQ==
  dependencies:
    is-property "^1.0.2"

generate-object-property@^1.1.0:
  version "1.2.0"
  resolved "https://registry.yarnpkg.com/generate-object-property/-/generate-object-property-1.2.0.tgz#9c0e1c40308ce804f4783618b937fa88f99d50d0"
  integrity sha512-TuOwZWgJ2VAMEGJvAyPWvpqxSANF0LDpmyHauMjFYzaACvn+QTT/AZomvPCzVBV7yDN3OmwHQ5OvHaeLKre3JQ==
  dependencies:
    is-property "^1.0.0"

hash-base@^3.0.0:
  version "3.1.0"
  resolved "https://registry.yarnpkg.com/hash-base/-/hash-base-3.1.0.tgz#55c381d9e06e1d2997a883b4a3fddfe7f0d3af33"
  integrity sha512-1nmYp/rhMDiE7AYkDw+lLwlAzz0AntGIe51F3RfFfEqyQ3feY2eI/NcwC6umIQVOASPMsWJLJScWKSSvzL9IVA==
  dependencies:
    inherits "^2.0.4"
    readable-stream "^3.6.0"
    safe-buffer "^5.2.0"

hash.js@^1.0.0, hash.js@^1.0.3:
  version "1.1.7"
  resolved "https://registry.yarnpkg.com/hash.js/-/hash.js-1.1.7.tgz#0babca538e8d4ee4a0f8988d68866537a003cf42"
  integrity sha512-taOaskGt4z4SOANNseOviYDvjEJinIkRgmp7LbKP2YTTmVxWBl87s/uzK9r+44BclBSp2X7K1hqeNfz9JbBeXA==
  dependencies:
    inherits "^2.0.3"
    minimalistic-assert "^1.0.1"

hmac-drbg@^1.0.1:
  version "1.0.1"
  resolved "https://registry.yarnpkg.com/hmac-drbg/-/hmac-drbg-1.0.1.tgz#d2745701025a6c775a6c545793ed502fc0c649a1"
  integrity sha512-Tti3gMqLdZfhOQY1Mzf/AanLiqh1WTiJgEj26ZuYQ9fbkLomzGchCws4FyrSd4VkpBfiNhaE1On+lOz894jvXg==
  dependencies:
    hash.js "^1.0.3"
    minimalistic-assert "^1.0.0"
    minimalistic-crypto-utils "^1.0.1"

http-errors@1.7.2:
  version "1.7.2"
  resolved "https://registry.yarnpkg.com/http-errors/-/http-errors-1.7.2.tgz#4f5029cf13239f31036e5b2e55292bcfbcc85c8f"
  integrity sha512-uUQBt3H/cSIVfch6i1EuPNy/YsRSOUBXTVfZ+yR7Zjez3qjBz6i9+i4zjNaoqcoFVI4lQJ5plg63TvGfRSDCRg==
  dependencies:
    depd "~1.1.2"
    inherits "2.0.3"
    setprototypeof "1.1.1"
    statuses ">= 1.5.0 < 2"
    toidentifier "1.0.0"

inherits@2.0.3:
  version "2.0.3"
  resolved "https://registry.yarnpkg.com/inherits/-/inherits-2.0.3.tgz#633c2c83e3da42a502f52466022480f4208261de"
  integrity sha512-x00IRNXNy63jwGkJmzPigoySHbaqpNuzKbBOmzK+g2OdZpQ9w+sxCN+VSB3ja7IAge2OP2qpfxTjeNcyjmW1uw==

inherits@^2.0.1, inherits@^2.0.3, inherits@^2.0.4:
  version "2.0.4"
  resolved "https://registry.yarnpkg.com/inherits/-/inherits-2.0.4.tgz#0fa2c64f932917c3433a0ded55363aae37416b7c"
  integrity sha512-k/vGaX4/Yla3WzyMCvTQOXYeIHvqOKtnqBduzTHpzpQZzAskKMhZ2K+EnBiSM9zGSoIFeMpXKxa4dYeZIQqewQ==

is-my-ip-valid@^1.0.0:
  version "1.0.1"
  resolved "https://registry.yarnpkg.com/is-my-ip-valid/-/is-my-ip-valid-1.0.1.tgz#f7220d1146257c98672e6fba097a9f3f2d348442"
  integrity sha512-jxc8cBcOWbNK2i2aTkCZP6i7wkHF1bqKFrwEHuN5Jtg5BSaZHUZQ/JTOJwoV41YvHnOaRyWWh72T/KvfNz9DJg==

is-my-json-valid@^2.20.6:
  version "2.20.6"
  resolved "https://registry.yarnpkg.com/is-my-json-valid/-/is-my-json-valid-2.20.6.tgz#a9d89e56a36493c77bda1440d69ae0dc46a08387"
  integrity sha512-1JQwulVNjx8UqkPE/bqDaxtH4PXCe/2VRh/y3p99heOV87HG4Id5/VfDswd+YiAfHcRTfDlWgISycnHuhZq1aw==
  dependencies:
    generate-function "^2.0.0"
    generate-object-property "^1.1.0"
    is-my-ip-valid "^1.0.0"
    jsonpointer "^5.0.0"
    xtend "^4.0.0"

is-property@^1.0.0, is-property@^1.0.2:
  version "1.0.2"
  resolved "https://registry.yarnpkg.com/is-property/-/is-property-1.0.2.tgz#57fe1c4e48474edd65b09911f26b1cd4095dda84"
  integrity sha512-Ks/IoX00TtClbGQr4TWXemAnktAQvYB7HzcCxDGqEZU6oCmb2INHuOoKxbtR+HFkmYWBKv/dOZtGRiAjDhj92g==

jsonpointer@^5.0.0:
  version "5.0.1"
  resolved "https://registry.yarnpkg.com/jsonpointer/-/jsonpointer-5.0.1.tgz#2110e0af0900fd37467b5907ecd13a7884a1b559"
  integrity sha512-p/nXbhSEcu3pZRdkW1OfJhpsVtW1gd4Wa1fnQc9YLiTfAjn0312eMKimbdIQzuZl9aa9xUGaRlP9T/CJE/ditQ==

lru_map@0.4.1:
  version "0.4.1"
  resolved "https://registry.yarnpkg.com/lru_map/-/lru_map-0.4.1.tgz#f7b4046283c79fb7370c36f8fca6aee4324b0a98"
  integrity sha512-I+lBvqMMFfqaV8CJCISjI3wbjmwVu/VyOoU7+qtu9d7ioW5klMgsTTiUOUp+DJvfTTzKXoPbyC6YfgkNcyPSOg==

md5.js@^1.3.4:
  version "1.3.5"
  resolved "https://registry.yarnpkg.com/md5.js/-/md5.js-1.3.5.tgz#b5d07b8e3216e3e27cd728d72f70d1e6a342005f"
  integrity sha512-xitP+WxNPcTTOgnTJcrhM0xvdPepipPSf3I8EIpGKeFLjt3PlJLIDG3u8EX53ZIubkb+5U2+3rELYpEhHhzdkg==
  dependencies:
    hash-base "^3.0.0"
    inherits "^2.0.1"
    safe-buffer "^5.1.2"

minimalistic-assert@^1.0.0, minimalistic-assert@^1.0.1:
  version "1.0.1"
  resolved "https://registry.yarnpkg.com/minimalistic-assert/-/minimalistic-assert-1.0.1.tgz#2e194de044626d4a10e7f7fbc00ce73e83e4d5c7"
  integrity sha512-UtJcAD4yEaGtjPezWuO9wC4nwUnVH/8/Im3yEHQP4b67cXlD/Qr9hdITCU1xDbSEXg2XKNaP8jsReV7vQd00/A==

minimalistic-crypto-utils@^1.0.1:
  version "1.0.1"
  resolved "https://registry.yarnpkg.com/minimalistic-crypto-utils/-/minimalistic-crypto-utils-1.0.1.tgz#f6c00c1c0b082246e5c4d99dfb8c7c083b2b582a"
  integrity sha512-JIYlbt6g8i5jKfJ3xz7rF0LXmv2TkDxBLUkiBeZ7bAx4GnnNMr8xFpGnOxn6GhTEHx3SjRrZEoU+j04prX1ktg==

mustache@4.0.0:
  version "4.0.0"
  resolved "https://registry.yarnpkg.com/mustache/-/mustache-4.0.0.tgz#7f02465dbb5b435859d154831c032acdfbbefb31"
  integrity sha512-FJgjyX/IVkbXBXYUwH+OYwQKqWpFPLaLVESd70yHjSDunwzV2hZOoTBvPf4KLoxesUzzyfTH6F784Uqd7Wm5yA==

near-abi@0.2.0:
  version "0.2.0"
  resolved "https://registry.yarnpkg.com/near-abi/-/near-abi-0.2.0.tgz#745b569d69d172f46cd2ecc06271974a6cd2fa48"
  integrity sha512-kCwSf/3fraPU2zENK18sh+kKG4uKbEUEQdyWQkmW8ZofmLarObIz2+zAYjA1teDZLeMvEQew3UysnPDXgjneaA==
  dependencies:
    "@types/json-schema" "^7.0.11"

near-api-js@^5.0.1:
  version "5.1.1"
  resolved "https://registry.yarnpkg.com/near-api-js/-/near-api-js-5.1.1.tgz#64905f74d0ad9ce0b4f5ad6ec4aaa8403b8e5968"
  integrity sha512-h23BGSKxNv8ph+zU6snicstsVK1/CTXsQz4LuGGwoRE24Hj424nSe4+/1tzoiC285Ljf60kPAqRCmsfv9etF2g==
  dependencies:
    "@near-js/accounts" "1.4.1"
    "@near-js/crypto" "1.4.2"
    "@near-js/keystores" "0.2.2"
    "@near-js/keystores-browser" "0.2.2"
    "@near-js/keystores-node" "0.1.2"
    "@near-js/providers" "1.0.3"
    "@near-js/signers" "0.2.2"
    "@near-js/transactions" "1.3.3"
    "@near-js/types" "0.3.1"
    "@near-js/utils" "1.1.0"
    "@near-js/wallet-account" "1.3.3"
    "@noble/curves" "1.8.1"
    borsh "1.0.0"
    depd "2.0.0"
    http-errors "1.7.2"
    near-abi "0.2.0"
    node-fetch "2.6.7"

near-hd-key@^1.2.1:
  version "1.2.1"
  resolved "https://registry.yarnpkg.com/near-hd-key/-/near-hd-key-1.2.1.tgz#f508ff15436cf8a439b543220f3cc72188a46756"
  integrity sha512-SIrthcL5Wc0sps+2e1xGj3zceEa68TgNZDLuCx0daxmfTP7sFTB3/mtE2pYhlFsCxWoMn+JfID5E1NlzvvbRJg==
  dependencies:
    bip39 "3.0.2"
    create-hmac "1.1.7"
    tweetnacl "1.0.3"

near-seed-phrase@^0.2.1:
  version "0.2.1"
  resolved "https://registry.yarnpkg.com/near-seed-phrase/-/near-seed-phrase-0.2.1.tgz#7d5b54d5e836d295f10b0bdfdae9086443651d20"
  integrity sha512-feMuums+kVL3LSuPcP4ld07xHCb2mu6z48SGfP3W+8tl1Qm5xIcjiQzY2IDPBvFgajRDxWSb8GzsRHoInazByw==
  dependencies:
    bip39-light "^1.0.7"
    bs58 "^4.0.1"
    near-hd-key "^1.2.1"
    tweetnacl "^1.0.2"

node-addon-api@^5.0.0:
  version "5.1.0"
  resolved "https://registry.yarnpkg.com/node-addon-api/-/node-addon-api-5.1.0.tgz#49da1ca055e109a23d537e9de43c09cca21eb762"
  integrity sha512-eh0GgfEkpnoWDq+VY8OyvYhFEzBk6jIYbRKdIlyTiAXIVJ8PyBaKb0rp7oDtoddbdoHWhq8wwr+XZ81F1rpNdA==

node-fetch@2.6.7:
  version "2.6.7"
  resolved "https://registry.yarnpkg.com/node-fetch/-/node-fetch-2.6.7.tgz#24de9fba827e3b4ae44dc8b20256a379160052ad"
  integrity sha512-ZjMPFEfVx5j+y2yF35Kzx5sF7kDzxuDj6ziH4FFbOp87zKDZNx8yExJIb05OGF4Nlt9IHFIMBkRl41VdvcNdbQ==
  dependencies:
    whatwg-url "^5.0.0"

node-gyp-build@^4.2.0:
  version "4.8.4"
  resolved "https://registry.yarnpkg.com/node-gyp-build/-/node-gyp-build-4.8.4.tgz#8a70ee85464ae52327772a90d66c6077a900cfc8"
  integrity sha512-LA4ZjwlnUblHVgq0oBF3Jl/6h/Nvs5fzBLwdEF4nuxnFdsfajde4WfxtJr3CaiH+F6ewcIB/q4jQ4UzPyid+CQ==

pbkdf2@^3.0.9:
  version "3.1.2"
  resolved "https://registry.yarnpkg.com/pbkdf2/-/pbkdf2-3.1.2.tgz#dd822aa0887580e52f1a039dc3eda108efae3075"
  integrity sha512-iuh7L6jA7JEGu2WxDwtQP1ddOpaJNC4KlDEFfdQajSGgGPNi4OyDc2R7QnbY2bR9QjBVGwgvTdNJZoE7RaxUMA==
  dependencies:
    create-hash "^1.1.2"
    create-hmac "^1.1.4"
    ripemd160 "^2.0.1"
    safe-buffer "^5.0.1"
    sha.js "^2.4.8"

randombytes@2.1.0, randombytes@^2.0.1:
  version "2.1.0"
  resolved "https://registry.yarnpkg.com/randombytes/-/randombytes-2.1.0.tgz#df6f84372f0270dc65cdf6291349ab7a473d4f2a"
  integrity sha512-vYl3iOX+4CKUWuxGi9Ukhie6fsqXqS9FE2Zaic4tNFD2N2QQaXOMFbuKK4QmDHC0JO6B1Zp41J0LpT0oR68amQ==
  dependencies:
    safe-buffer "^5.1.0"

readable-stream@^3.6.0:
  version "3.6.2"
  resolved "https://registry.yarnpkg.com/readable-stream/-/readable-stream-3.6.2.tgz#56a9b36ea965c00c5a93ef31eb111a0f11056967"
  integrity sha512-9u/sniCrY3D5WdsERHzHE4G2YCXqoG5FTHUiCC4SIbr6XcLZBY05ya9EKjYek9O5xOAwjGq+1JdGBAS7Q9ScoA==
  dependencies:
    inherits "^2.0.3"
    string_decoder "^1.1.1"
    util-deprecate "^1.0.1"

ripemd160@^2.0.0, ripemd160@^2.0.1:
  version "2.0.2"
  resolved "https://registry.yarnpkg.com/ripemd160/-/ripemd160-2.0.2.tgz#a1c1a6f624751577ba5d07914cbc92850585890c"
  integrity sha512-ii4iagi25WusVoiC4B4lq7pbXfAp3D9v5CwfkY33vffw2+pkDjY1D8GaN7spsxvCSx8dkPqOZCEZyfxcmJG2IA==
  dependencies:
    hash-base "^3.0.0"
    inherits "^2.0.1"

safe-buffer@^5.0.1, safe-buffer@^5.1.0, safe-buffer@^5.1.2, safe-buffer@^5.2.0, safe-buffer@^5.2.1, safe-buffer@~5.2.0:
  version "5.2.1"
  resolved "https://registry.yarnpkg.com/safe-buffer/-/safe-buffer-5.2.1.tgz#1eaf9fa9bdb1fdd4ec75f58f9cdb4e6b7827eec6"
  integrity sha512-rp3So07KcdmmKbGvgaNxQSJr7bGVSVk5S9Eq1F+ppbRo70+YeaDxkw5Dd8NPN+GD6bjnYm2VuPuCXmpuYvmCXQ==

secp256k1@5.0.1:
  version "5.0.1"
  resolved "https://registry.yarnpkg.com/secp256k1/-/secp256k1-5.0.1.tgz#dc2c86187d48ff2da756f0f7e96417ee03c414b1"
  integrity sha512-lDFs9AAIaWP9UCdtWrotXWWF9t8PWgQDcxqgAnpM9rMqxb3Oaq2J0thzPVSxBwdJgyQtkU/sYtFtbM1RSt/iYA==
  dependencies:
    elliptic "^6.5.7"
    node-addon-api "^5.0.0"
    node-gyp-build "^4.2.0"

setprototypeof@1.1.1:
  version "1.1.1"
  resolved "https://registry.yarnpkg.com/setprototypeof/-/setprototypeof-1.1.1.tgz#7e95acb24aa92f5885e0abef5ba131330d4ae683"
  integrity sha512-JvdAWfbXeIGaZ9cILp38HntZSFSo3mWg6xGcJJsd+d4aRMOqauag1C63dJfDw7OaMYwEbHMOxEZ1lqVRYP2OAw==

sha.js@^2.4.0, sha.js@^2.4.8:
  version "2.4.11"
  resolved "https://registry.yarnpkg.com/sha.js/-/sha.js-2.4.11.tgz#37a5cf0b81ecbc6943de109ba2960d1b26584ae7"
  integrity sha512-QMEp5B7cftE7APOjk5Y6xgrbWu+WkLVQwk8JNjZ8nKRciZaByEW6MubieAiToS7+dwvrjGhH8jRXz3MVd0AYqQ==
  dependencies:
    inherits "^2.0.1"
    safe-buffer "^5.0.1"

"statuses@>= 1.5.0 < 2":
  version "1.5.0"
  resolved "https://registry.yarnpkg.com/statuses/-/statuses-1.5.0.tgz#161c7dac177659fd9811f43771fa99381478628c"
  integrity sha512-OpZ3zP+jT1PI7I8nemJX4AKmAX070ZkYPVWV/AaKTJl+tXCTGyVdC1a4SL8RUQYEwk/f34ZX8UTykN68FwrqAA==

string_decoder@^1.1.1:
  version "1.3.0"
  resolved "https://registry.yarnpkg.com/string_decoder/-/string_decoder-1.3.0.tgz#42f114594a46cf1a8e30b0a84f56c78c3edac21e"
  integrity sha512-hkRX8U1WjJFd8LsDJ2yQ/wWWxaopEsABU1XfkM8A+j0+85JAGppt16cr1Whg6KIbb4okU6Mql6BOj+uup/wKeA==
  dependencies:
    safe-buffer "~5.2.0"

toidentifier@1.0.0:
  version "1.0.0"
  resolved "https://registry.yarnpkg.com/toidentifier/-/toidentifier-1.0.0.tgz#7e1be3470f1e77948bc43d94a3c8f4d7752ba553"
  integrity sha512-yaOH/Pk/VEhBWWTlhI+qXxDFXlejDGcQipMlyxda9nthulaxLZUNcUqFxokp0vcYnvteJln5FNQDRrxj3YcbVw==

tr46@~0.0.3:
  version "0.0.3"
  resolved "https://registry.yarnpkg.com/tr46/-/tr46-0.0.3.tgz#8184fd347dac9cdc185992f3a6622e14b9d9ab6a"
  integrity sha512-N3WMsuqV66lT30CrXNbEjx4GEwlow3v6rr4mCcv6prnfwhS01rkgyFdjPNBYd9br7LpXV1+Emh01fHnq2Gdgrw==

tweetnacl@1.0.3, tweetnacl@^1.0.2:
  version "1.0.3"
  resolved "https://registry.yarnpkg.com/tweetnacl/-/tweetnacl-1.0.3.tgz#ac0af71680458d8a6378d0d0d050ab1407d35596"
  integrity sha512-6rt+RN7aOi1nGMyC4Xa5DdYiukl2UWCbcJft7YhxReBGQD7OAM8Pbxw6YMo4r2diNEA8FEmu32YOn9rhaiE5yw==

util-deprecate@^1.0.1:
  version "1.0.2"
  resolved "https://registry.yarnpkg.com/util-deprecate/-/util-deprecate-1.0.2.tgz#450d4dc9fa70de732762fbd2d4a28981419a0ccf"
  integrity sha512-EPD5q1uXyFxJpCrLnCc1nHnq3gOa6DZBocAIiI2TaSCA7VCJ1UJDMagCzIkXNsUYfD1daK//LTEQ8xiIbrHtcw==

webidl-conversions@^3.0.0:
  version "3.0.1"
  resolved "https://registry.yarnpkg.com/webidl-conversions/-/webidl-conversions-3.0.1.tgz#24534275e2a7bc6be7bc86611cc16ae0a5654871"
  integrity sha512-2JAn3z8AR6rjK8Sm8orRC0h/bcl/DqL7tRPdGZ4I1CjdF+EaMLmYxBHyXuKL849eucPFhvBoxMsflfOb8kxaeQ==

whatwg-url@^5.0.0:
  version "5.0.0"
  resolved "https://registry.yarnpkg.com/whatwg-url/-/whatwg-url-5.0.0.tgz#966454e8765462e37644d3626f6742ce8b70965d"
  integrity sha512-saE57nupxk6v3HY35+jzBwYa0rKSy0XR8JSxZPwgLr7ys0IBzhGviA1/TUGJLmSVqs8pb9AnvICXEuOHLprYTw==
  dependencies:
    tr46 "~0.0.3"
    webidl-conversions "^3.0.0"

xtend@^4.0.0:
  version "4.0.2"
  resolved "https://registry.yarnpkg.com/xtend/-/xtend-4.0.2.tgz#bb72779f5fa465186b1f438f674fa347fdb5db54"
  integrity sha512-LKYU1iAXJXUgAXn9URjiu+MWhyUXHsvfp7mcuYm9dSUKK0/CjtrUwFAxD82/mCWbtLsGjFIad0wIsod4zrTAEQ==
